
Microsoft Visual Studio Solution File, Format Version 12.00
# Visual Studio 2013
VisualStudioVersion = 12.0.31101.0
MinimumVisualStudioVersion = 10.0.40219.1
Project("{F2A71F9B-5D33-465A-A702-920D77279786}") = "Soma.Core.UT", "Soma.Core.UT\Soma.Core.UT.fsproj", "{007939D3-6636-4691-9ACF-4A901819EC32}"
EndProject
Project("{F2A71F9B-5D33-465A-A702-920D77279786}") = "Soma.Core", "Soma.Core\Soma.Core.fsproj", "{479C9175-94DB-4847-B6B6-59928D3731B5}"
EndProject
Project("{F2A71F9B-5D33-465A-A702-920D77279786}") = "Soma.Core.IT.MsSql", "Soma.Core.IT.MsSql\Soma.Core.IT.MsSql.fsproj", "{F3C68710-96FB-4C0C-8743-11E92483B5B3}"
EndProject
Project("{F2A71F9B-5D33-465A-A702-920D77279786}") = "Soma.Core.IT.MySql", "Soma.Core.IT.MySql\Soma.Core.IT.MySql.fsproj", "{54D1A762-0B8A-4A12-B47F-61D34F5FCC22}"
EndProject
Project("{FAE04EC0-301F-11D3-BF4B-00C04F79EFBC}") = "Tutorial.CSharp", "Tutorial.CSharp\Tutorial.CSharp.csproj", "{DD8D67BE-F1D2-418A-9667-66239BE275EF}"
EndProject
Project("{F2A71F9B-5D33-465A-A702-920D77279786}") = "Tutorial.FSharp", "Tutorial.FSharp\Tutorial.FSharp.fsproj", "{E94B49D8-7E26-47F6-A5E7-BFEBD68E0A07}"
EndProject
Project("{F184B08F-C81C-45F6-A57F-5ABD9991F28F}") = "Tutorial.VB", "Tutorial.VB\Tutorial.VB.vbproj", "{EB0E3C05-59BF-43BE-90E9-16598BE3003B}"
EndProject
Project("{F2A71F9B-5D33-465A-A702-920D77279786}") = "Soma.Core.IT.Oracle", "Soma.Core.IT.Oracle\Soma.Core.IT.Oracle.fsproj", "{CC7BE300-F8C1-430F-AD27-982E8489A91E}"
EndProject
Project("{F2A71F9B-5D33-465A-A702-920D77279786}") = "Soma.Core.IT.MsSqlCe", "Soma.Core.IT.MsSqlCe\Soma.Core.IT.MsSqlCe.fsproj", "{CAECF205-DCE3-4CED-95D3-18FC1CCA32EC}"
EndProject
Project("{F2A71F9B-5D33-465A-A702-920D77279786}") = "Soma.Core.IT.SQLite", "Soma.Core.IT.SQLite\Soma.Core.IT.SQLite.fsproj", "{401A3BCA-0F92-4AF9-8A2D-AA4909AC07A7}"
EndProject
Project("{FAE04EC0-301F-11D3-BF4B-00C04F79EFBC}") = "Soma.Core.PT.CSharp", "Soma.Core.PT.CSharp\Soma.Core.PT.CSharp.csproj", "{51E66E68-6E90-4405-B7D6-0339514A32D9}"
EndProject
Global
	GlobalSection(SolutionConfigurationPlatforms) = preSolution
		Debug|Any CPU = Debug|Any CPU
		Debug|Mixed Platforms = Debug|Mixed Platforms
		Debug|x86 = Debug|x86
		Release|Any CPU = Release|Any CPU
		Release|Mixed Platforms = Release|Mixed Platforms
		Release|x86 = Release|x86
	EndGlobalSection
	GlobalSection(ProjectConfigurationPlatforms) = postSolution
		{007939D3-6636-4691-9ACF-4A901819EC32}.Debug|Any CPU.ActiveCfg = Debug|Any CPU
		{007939D3-6636-4691-9ACF-4A901819EC32}.Debug|Any CPU.Build.0 = Debug|Any CPU
		{007939D3-6636-4691-9ACF-4A901819EC32}.Debug|Mixed Platforms.ActiveCfg = Debug|Any CPU
		{007939D3-6636-4691-9ACF-4A901819EC32}.Debug|Mixed Platforms.Build.0 = Debug|Any CPU
		{007939D3-6636-4691-9ACF-4A901819EC32}.Debug|x86.ActiveCfg = Debug|Any CPU
		{007939D3-6636-4691-9ACF-4A901819EC32}.Release|Any CPU.ActiveCfg = Release|Any CPU
		{007939D3-6636-4691-9ACF-4A901819EC32}.Release|Any CPU.Build.0 = Release|Any CPU
		{007939D3-6636-4691-9ACF-4A901819EC32}.Release|Mixed Platforms.ActiveCfg = Release|Any CPU
		{007939D3-6636-4691-9ACF-4A901819EC32}.Release|x86.ActiveCfg = Release|Any CPU
		{479C9175-94DB-4847-B6B6-59928D3731B5}.Debug|Any CPU.ActiveCfg = Debug|Any CPU
		{479C9175-94DB-4847-B6B6-59928D3731B5}.Debug|Any CPU.Build.0 = Debug|Any CPU
		{479C9175-94DB-4847-B6B6-59928D3731B5}.Debug|Mixed Platforms.ActiveCfg = Debug|Any CPU
		{479C9175-94DB-4847-B6B6-59928D3731B5}.Debug|Mixed Platforms.Build.0 = Debug|Any CPU
		{479C9175-94DB-4847-B6B6-59928D3731B5}.Debug|x86.ActiveCfg = Debug|Any CPU
		{479C9175-94DB-4847-B6B6-59928D3731B5}.Release|Any CPU.ActiveCfg = Release|Any CPU
		{479C9175-94DB-4847-B6B6-59928D3731B5}.Release|Any CPU.Build.0 = Release|Any CPU
		{479C9175-94DB-4847-B6B6-59928D3731B5}.Release|Mixed Platforms.ActiveCfg = Release|Any CPU
		{479C9175-94DB-4847-B6B6-59928D3731B5}.Release|Mixed Platforms.Build.0 = Release|Any CPU
		{479C9175-94DB-4847-B6B6-59928D3731B5}.Release|x86.ActiveCfg = Release|Any CPU
		{F3C68710-96FB-4C0C-8743-11E92483B5B3}.Debug|Any CPU.ActiveCfg = Debug|Any CPU
		{F3C68710-96FB-4C0C-8743-11E92483B5B3}.Debug|Any CPU.Build.0 = Debug|Any CPU
		{F3C68710-96FB-4C0C-8743-11E92483B5B3}.Debug|Mixed Platforms.ActiveCfg = Debug|Any CPU
		{F3C68710-96FB-4C0C-8743-11E92483B5B3}.Debug|Mixed Platforms.Build.0 = Debug|Any CPU
		{F3C68710-96FB-4C0C-8743-11E92483B5B3}.Debug|x86.ActiveCfg = Debug|Any CPU
		{F3C68710-96FB-4C0C-8743-11E92483B5B3}.Release|Any CPU.ActiveCfg = Release|Any CPU
		{F3C68710-96FB-4C0C-8743-11E92483B5B3}.Release|Any CPU.Build.0 = Release|Any CPU
		{F3C68710-96FB-4C0C-8743-11E92483B5B3}.Release|Mixed Platforms.ActiveCfg = Release|Any CPU
		{F3C68710-96FB-4C0C-8743-11E92483B5B3}.Release|x86.ActiveCfg = Release|Any CPU
		{54D1A762-0B8A-4A12-B47F-61D34F5FCC22}.Debug|Any CPU.ActiveCfg = Debug|Any CPU
		{54D1A762-0B8A-4A12-B47F-61D34F5FCC22}.Debug|Mixed Platforms.ActiveCfg = Debug|Any CPU
		{54D1A762-0B8A-4A12-B47F-61D34F5FCC22}.Debug|x86.ActiveCfg = Debug|Any CPU
		{54D1A762-0B8A-4A12-B47F-61D34F5FCC22}.Release|Any CPU.ActiveCfg = Release|Any CPU
		{54D1A762-0B8A-4A12-B47F-61D34F5FCC22}.Release|Mixed Platforms.ActiveCfg = Release|Any CPU
		{54D1A762-0B8A-4A12-B47F-61D34F5FCC22}.Release|Mixed Platforms.Build.0 = Release|Any CPU
		{54D1A762-0B8A-4A12-B47F-61D34F5FCC22}.Release|x86.ActiveCfg = Release|Any CPU
		{DD8D67BE-F1D2-418A-9667-66239BE275EF}.Debug|Any CPU.ActiveCfg = Debug|Any CPU
		{DD8D67BE-F1D2-418A-9667-66239BE275EF}.Debug|Any CPU.Build.0 = Debug|Any CPU
		{DD8D67BE-F1D2-418A-9667-66239BE275EF}.Debug|Mixed Platforms.ActiveCfg = Debug|x86
		{DD8D67BE-F1D2-418A-9667-66239BE275EF}.Debug|Mixed Platforms.Build.0 = Debug|x86
		{DD8D67BE-F1D2-418A-9667-66239BE275EF}.Debug|x86.ActiveCfg = Debug|x86
		{DD8D67BE-F1D2-418A-9667-66239BE275EF}.Debug|x86.Build.0 = Debug|x86
		{DD8D67BE-F1D2-418A-9667-66239BE275EF}.Release|Any CPU.ActiveCfg = Release|Any CPU
		{DD8D67BE-F1D2-418A-9667-66239BE275EF}.Release|Any CPU.Build.0 = Release|Any CPU
		{DD8D67BE-F1D2-418A-9667-66239BE275EF}.Release|Mixed Platforms.ActiveCfg = Release|x86
		{DD8D67BE-F1D2-418A-9667-66239BE275EF}.Release|Mixed Platforms.Build.0 = Release|x86
		{DD8D67BE-F1D2-418A-9667-66239BE275EF}.Release|x86.ActiveCfg = Release|x86
		{DD8D67BE-F1D2-418A-9667-66239BE275EF}.Release|x86.Build.0 = Release|x86
		{E94B49D8-7E26-47F6-A5E7-BFEBD68E0A07}.Debug|Any CPU.ActiveCfg = Debug|Any CPU
		{E94B49D8-7E26-47F6-A5E7-BFEBD68E0A07}.Debug|Any CPU.Build.0 = Debug|Any CPU
		{E94B49D8-7E26-47F6-A5E7-BFEBD68E0A07}.Debug|Mixed Platforms.ActiveCfg = Debug|x86
		{E94B49D8-7E26-47F6-A5E7-BFEBD68E0A07}.Debug|Mixed Platforms.Build.0 = Debug|x86
		{E94B49D8-7E26-47F6-A5E7-BFEBD68E0A07}.Debug|x86.ActiveCfg = Debug|x86
		{E94B49D8-7E26-47F6-A5E7-BFEBD68E0A07}.Debug|x86.Build.0 = Debug|x86
		{E94B49D8-7E26-47F6-A5E7-BFEBD68E0A07}.Release|Any CPU.ActiveCfg = Release|Any CPU
		{E94B49D8-7E26-47F6-A5E7-BFEBD68E0A07}.Release|Any CPU.Build.0 = Release|Any CPU
		{E94B49D8-7E26-47F6-A5E7-BFEBD68E0A07}.Release|Mixed Platforms.ActiveCfg = Release|x86
		{E94B49D8-7E26-47F6-A5E7-BFEBD68E0A07}.Release|Mixed Platforms.Build.0 = Release|x86
		{E94B49D8-7E26-47F6-A5E7-BFEBD68E0A07}.Release|x86.ActiveCfg = Release|x86
		{E94B49D8-7E26-47F6-A5E7-BFEBD68E0A07}.Release|x86.Build.0 = Release|x86
		{EB0E3C05-59BF-43BE-90E9-16598BE3003B}.Debug|Any CPU.ActiveCfg = Debug|Any CPU
		{EB0E3C05-59BF-43BE-90E9-16598BE3003B}.Debug|Any CPU.Build.0 = Debug|Any CPU
		{EB0E3C05-59BF-43BE-90E9-16598BE3003B}.Debug|Mixed Platforms.ActiveCfg = Debug|x86
		{EB0E3C05-59BF-43BE-90E9-16598BE3003B}.Debug|Mixed Platforms.Build.0 = Debug|x86
		{EB0E3C05-59BF-43BE-90E9-16598BE3003B}.Debug|x86.ActiveCfg = Debug|x86
		{EB0E3C05-59BF-43BE-90E9-16598BE3003B}.Debug|x86.Build.0 = Debug|x86
		{EB0E3C05-59BF-43BE-90E9-16598BE3003B}.Release|Any CPU.ActiveCfg = Release|Any CPU
		{EB0E3C05-59BF-43BE-90E9-16598BE3003B}.Release|Any CPU.Build.0 = Release|Any CPU
		{EB0E3C05-59BF-43BE-90E9-16598BE3003B}.Release|Mixed Platforms.ActiveCfg = Release|x86
		{EB0E3C05-59BF-43BE-90E9-16598BE3003B}.Release|Mixed Platforms.Build.0 = Release|x86
		{EB0E3C05-59BF-43BE-90E9-16598BE3003B}.Release|x86.ActiveCfg = Release|x86
		{EB0E3C05-59BF-43BE-90E9-16598BE3003B}.Release|x86.Build.0 = Release|x86
		{CC7BE300-F8C1-430F-AD27-982E8489A91E}.Debug|Any CPU.ActiveCfg = Debug|Any CPU
		{CC7BE300-F8C1-430F-AD27-982E8489A91E}.Debug|Mixed Platforms.ActiveCfg = Debug|Any CPU
		{CC7BE300-F8C1-430F-AD27-982E8489A91E}.Debug|x86.ActiveCfg = Debug|Any CPU
		{CC7BE300-F8C1-430F-AD27-982E8489A91E}.Release|Any CPU.ActiveCfg = Release|x86
		{CC7BE300-F8C1-430F-AD27-982E8489A91E}.Release|Mixed Platforms.ActiveCfg = Release|Any CPU
		{CC7BE300-F8C1-430F-AD27-982E8489A91E}.Release|Mixed Platforms.Build.0 = Release|Any CPU
		{CC7BE300-F8C1-430F-AD27-982E8489A91E}.Release|x86.ActiveCfg = Release|Any CPU
		{CAECF205-DCE3-4CED-95D3-18FC1CCA32EC}.Debug|Any CPU.ActiveCfg = Debug|Any CPU
		{CAECF205-DCE3-4CED-95D3-18FC1CCA32EC}.Debug|Mixed Platforms.ActiveCfg = Debug|Any CPU
		{CAECF205-DCE3-4CED-95D3-18FC1CCA32EC}.Debug|x86.ActiveCfg = Debug|Any CPU
		{CAECF205-DCE3-4CED-95D3-18FC1CCA32EC}.Release|Any CPU.ActiveCfg = Release|Any CPU
		{CAECF205-DCE3-4CED-95D3-18FC1CCA32EC}.Release|Mixed Platforms.ActiveCfg = Release|Any CPU
		{CAECF205-DCE3-4CED-95D3-18FC1CCA32EC}.Release|Mixed Platforms.Build.0 = Release|Any CPU
		{CAECF205-DCE3-4CED-95D3-18FC1CCA32EC}.Release|x86.ActiveCfg = Release|Any CPU
		{401A3BCA-0F92-4AF9-8A2D-AA4909AC07A7}.Debug|Any CPU.ActiveCfg = Debug|Any CPU
		{401A3BCA-0F92-4AF9-8A2D-AA4909AC07A7}.Debug|Mixed Platforms.ActiveCfg = Debug|Any CPU
		{401A3BCA-0F92-4AF9-8A2D-AA4909AC07A7}.Debug|x86.ActiveCfg = Debug|Any CPU
		{401A3BCA-0F92-4AF9-8A2D-AA4909AC07A7}.Release|Any CPU.ActiveCfg = Release|Any CPU
		{401A3BCA-0F92-4AF9-8A2D-AA4909AC07A7}.Release|Mixed Platforms.ActiveCfg = Release|Any CPU
		{401A3BCA-0F92-4AF9-8A2D-AA4909AC07A7}.Release|Mixed Platforms.Build.0 = Release|Any CPU
		{401A3BCA-0F92-4AF9-8A2D-AA4909AC07A7}.Release|x86.ActiveCfg = Release|Any CPU
		{51E66E68-6E90-4405-B7D6-0339514A32D9}.Debug|Any CPU.ActiveCfg = Debug|Any CPU
		{51E66E68-6E90-4405-B7D6-0339514A32D9}.Debug|Mixed Platforms.ActiveCfg = Debug|x86
		{51E66E68-6E90-4405-B7D6-0339514A32D9}.Debug|x86.ActiveCfg = Debug|x86
		{51E66E68-6E90-4405-B7D6-0339514A32D9}.Debug|x86.Build.0 = Debug|x86
		{51E66E68-6E90-4405-B7D6-0339514A32D9}.Release|Any CPU.ActiveCfg = Release|Any CPU
		{51E66E68-6E90-4405-B7D6-0339514A32D9}.Release|Mixed Platforms.ActiveCfg = Release|x86
		{51E66E68-6E90-4405-B7D6-0339514A32D9}.Release|Mixed Platforms.Build.0 = Release|x86
		{51E66E68-6E90-4405-B7D6-0339514A32D9}.Release|x86.ActiveCfg = Release|x86
		{51E66E68-6E90-4405-B7D6-0339514A32D9}.Release|x86.Build.0 = Release|x86
	EndGlobalSection
	GlobalSection(SolutionProperties) = preSolution
		HideSolutionNode = FALSE
	EndGlobalSection
	GlobalSection(TestCaseManagementSettings) = postSolution
		CategoryFile = Soma.vsmdi
	EndGlobalSection
EndGlobal
